
Microsoft Visual Studio Solution File, Format Version 12.00
# Visual Studio 14
VisualStudioVersion = 14.0.25420.1
MinimumVisualStudioVersion = 10.0.40219.1
Project("{E24C65DC-7377-472B-9ABA-BC803B73C61A}") = "DVCS_Website", "DVCS_Website\", "{305AF809-17EF-4883-83DD-12BCB6389AE9}"
	ProjectSection(WebsiteProperties) = preProject
		TargetFrameworkMoniker = ".NETFramework,Version%3Dv4.5.2"
		Debug.AspNetCompiler.VirtualPath = "/localhost_49686"
		Debug.AspNetCompiler.PhysicalPath = "DVCS_Website\"
		Debug.AspNetCompiler.TargetPath = "PrecompiledWeb\localhost_49686\"
		Debug.AspNetCompiler.Updateable = "true"
		Debug.AspNetCompiler.ForceOverwrite = "true"
		Debug.AspNetCompiler.FixedNames = "false"
		Debug.AspNetCompiler.Debug = "True"
		Release.AspNetCompiler.VirtualPath = "/localhost_49686"
		Release.AspNetCompiler.PhysicalPath = "DVCS_Website\"
		Release.AspNetCompiler.TargetPath = "PrecompiledWeb\localhost_49686\"
		Release.AspNetCompiler.Updateable = "true"
		Release.AspNetCompiler.ForceOverwrite = "true"
		Release.AspNetCompiler.FixedNames = "false"
		Release.AspNetCompiler.Debug = "False"
		VWDPort = "49686"
		DefaultWebSiteLanguage = "Visual C#"
	EndProjectSection
EndProject
Project("{E24C65DC-7377-472B-9ABA-BC803B73C61A}") = "Another_Website", "Another_Website\", "{9B60BB73-0F60-45FD-866D-C78A9302806F}"
	ProjectSection(WebsiteProperties) = preProject
		TargetFrameworkMoniker = ".NETFramework,Version%3Dv4.5.2"
		Debug.AspNetCompiler.VirtualPath = "/localhost_51058"
		Debug.AspNetCompiler.PhysicalPath = "Another_Website\"
		Debug.AspNetCompiler.TargetPath = "PrecompiledWeb\localhost_51058\"
		Debug.AspNetCompiler.Updateable = "true"
		Debug.AspNetCompiler.ForceOverwrite = "true"
		Debug.AspNetCompiler.FixedNames = "false"
		Debug.AspNetCompiler.Debug = "True"
		Release.AspNetCompiler.VirtualPath = "/localhost_51058"
		Release.AspNetCompiler.PhysicalPath = "Another_Website\"
		Release.AspNetCompiler.TargetPath = "PrecompiledWeb\localhost_51058\"
		Release.AspNetCompiler.Updateable = "true"
		Release.AspNetCompiler.ForceOverwrite = "true"
		Release.AspNetCompiler.FixedNames = "false"
		Release.AspNetCompiler.Debug = "False"
		VWDPort = "51058"
		DefaultWebSiteLanguage = "Visual C#"
	EndProjectSection
EndProject
Project("{FAE04EC0-301F-11D3-BF4B-00C04F79EFBC}") = "First Class Library", "First Class Library\First Class Library.csproj", "{A837140F-A72A-42B2-B7DB-1CBA5D3CACBF}"
EndProject
Global
	GlobalSection(SolutionConfigurationPlatforms) = preSolution
		Debug|Any CPU = Debug|Any CPU
		Release|Any CPU = Release|Any CPU
	EndGlobalSection
	GlobalSection(ProjectConfigurationPlatforms) = postSolution
		{305AF809-17EF-4883-83DD-12BCB6389AE9}.Debug|Any CPU.ActiveCfg = Debug|Any CPU
		{305AF809-17EF-4883-83DD-12BCB6389AE9}.Debug|Any CPU.Build.0 = Debug|Any CPU
		{305AF809-17EF-4883-83DD-12BCB6389AE9}.Release|Any CPU.ActiveCfg = Debug|Any CPU
		{305AF809-17EF-4883-83DD-12BCB6389AE9}.Release|Any CPU.Build.0 = Debug|Any CPU
		{9B60BB73-0F60-45FD-866D-C78A9302806F}.Debug|Any CPU.ActiveCfg = Debug|Any CPU
		{9B60BB73-0F60-45FD-866D-C78A9302806F}.Debug|Any CPU.Build.0 = Debug|Any CPU
		{9B60BB73-0F60-45FD-866D-C78A9302806F}.Release|Any CPU.ActiveCfg = Debug|Any CPU
		{9B60BB73-0F60-45FD-866D-C78A9302806F}.Release|Any CPU.Build.0 = Debug|Any CPU
		{A837140F-A72A-42B2-B7DB-1CBA5D3CACBF}.Debug|Any CPU.ActiveCfg = Debug|Any CPU
		{A837140F-A72A-42B2-B7DB-1CBA5D3CACBF}.Debug|Any CPU.Build.0 = Debug|Any CPU
		{A837140F-A72A-42B2-B7DB-1CBA5D3CACBF}.Release|Any CPU.ActiveCfg = Release|Any CPU
		{A837140F-A72A-42B2-B7DB-1CBA5D3CACBF}.Release|Any CPU.Build.0 = Release|Any CPU
	EndGlobalSection
	GlobalSection(SolutionProperties) = preSolution
		HideSolutionNode = FALSE
	EndGlobalSection
EndGlobal
